
Microsoft Visual Studio Solution File, Format Version 12.00
# Visual Studio 2012
Project("{FAE04EC0-301F-11D3-BF4B-00C04F79EFBC}") = "Lazztech.ObsidianPresenses.Vision.Microservice.Domain", "Lazztech.ObsidianPresenses.Vision.Microservice.Domain\Lazztech.ObsidianPresenses.Vision.Microservice.Domain.csproj", "{0E35707E-04F4-4360-AE0D-5C6024A75A5E}"
EndProject
Project("{FAE04EC0-301F-11D3-BF4B-00C04F79EFBC}") = "Lazztech.ObsidianPresenses.Vision.Microservice.GoogleCloudVision", "Lazztech.ObsidianPresenses.Vision.Microservice.GoogleCloudVision\Lazztech.ObsidianPresenses.Vision.Microservice.GoogleCloudVision.csproj", "{F2042059-3BFE-4E8A-BA53-1F9095A3A71C}"
EndProject
Project("{FAE04EC0-301F-11D3-BF4B-00C04F79EFBC}") = "Lazztech.ObsidianPresenses.Vision.Microservice.Cli", "Lazztech.ObsidianPresenses.Vision.Microservice.Cli\Lazztech.ObsidianPresenses.Vision.Microservice.Cli.csproj", "{A16D11D6-D97D-4B1D-95B6-31C5C39EB4F5}"
EndProject
Project("{E53339B2-1760-4266-BCC7-CA923CBCF16C}") = "docker-compose", "docker-compose.dcproj", "{78BC127E-1A83-4FB1-B029-569F972CD01F}"
EndProject
Project("{2150E333-8FDC-42A3-9474-1A3956D46DE8}") = "Solution Items", "Solution Items", "{DF68F019-AD7D-42BE-AF94-9F29EFC4BE8F}"
	ProjectSection(SolutionItems) = preProject
		README.md = README.md
		GianDevNotes.md = GianDevNotes.md
	EndProjectSection
EndProject
Project("{FAE04EC0-301F-11D3-BF4B-00C04F79EFBC}") = "Lazztech.ObsidianPresenses.Vision.Microservice.Tests", "Lazztech.ObsidianPresenses.Vision.Microservice.Tests\Lazztech.ObsidianPresenses.Vision.Microservice.Tests.csproj", "{8BA375AD-E3EA-4528-8596-CFF53EFFBC97}"
EndProject
Global
	GlobalSection(SolutionConfigurationPlatforms) = preSolution
		Debug|Any CPU = Debug|Any CPU
		Release|Any CPU = Release|Any CPU
	EndGlobalSection
	GlobalSection(ProjectConfigurationPlatforms) = postSolution
		{0E35707E-04F4-4360-AE0D-5C6024A75A5E}.Debug|Any CPU.ActiveCfg = Debug|Any CPU
		{0E35707E-04F4-4360-AE0D-5C6024A75A5E}.Debug|Any CPU.Build.0 = Debug|Any CPU
		{0E35707E-04F4-4360-AE0D-5C6024A75A5E}.Release|Any CPU.ActiveCfg = Release|Any CPU
		{0E35707E-04F4-4360-AE0D-5C6024A75A5E}.Release|Any CPU.Build.0 = Release|Any CPU
		{F2042059-3BFE-4E8A-BA53-1F9095A3A71C}.Debug|Any CPU.ActiveCfg = Debug|Any CPU
		{F2042059-3BFE-4E8A-BA53-1F9095A3A71C}.Debug|Any CPU.Build.0 = Debug|Any CPU
		{F2042059-3BFE-4E8A-BA53-1F9095A3A71C}.Release|Any CPU.ActiveCfg = Release|Any CPU
		{F2042059-3BFE-4E8A-BA53-1F9095A3A71C}.Release|Any CPU.Build.0 = Release|Any CPU
		{A16D11D6-D97D-4B1D-95B6-31C5C39EB4F5}.Debug|Any CPU.ActiveCfg = Debug|Any CPU
		{A16D11D6-D97D-4B1D-95B6-31C5C39EB4F5}.Debug|Any CPU.Build.0 = Debug|Any CPU
		{A16D11D6-D97D-4B1D-95B6-31C5C39EB4F5}.Release|Any CPU.ActiveCfg = Release|Any CPU
		{A16D11D6-D97D-4B1D-95B6-31C5C39EB4F5}.Release|Any CPU.Build.0 = Release|Any CPU
		{78BC127E-1A83-4FB1-B029-569F972CD01F}.Debug|Any CPU.ActiveCfg = Debug|Any CPU
		{78BC127E-1A83-4FB1-B029-569F972CD01F}.Debug|Any CPU.Build.0 = Debug|Any CPU
		{78BC127E-1A83-4FB1-B029-569F972CD01F}.Release|Any CPU.ActiveCfg = Release|Any CPU
		{78BC127E-1A83-4FB1-B029-569F972CD01F}.Release|Any CPU.Build.0 = Release|Any CPU
		{8BA375AD-E3EA-4528-8596-CFF53EFFBC97}.Debug|Any CPU.ActiveCfg = Debug|Any CPU
		{8BA375AD-E3EA-4528-8596-CFF53EFFBC97}.Debug|Any CPU.Build.0 = Debug|Any CPU
		{8BA375AD-E3EA-4528-8596-CFF53EFFBC97}.Release|Any CPU.ActiveCfg = Release|Any CPU
		{8BA375AD-E3EA-4528-8596-CFF53EFFBC97}.Release|Any CPU.Build.0 = Release|Any CPU
	EndGlobalSection
EndGlobal
