
Microsoft Visual Studio Solution File, Format Version 12.00
# Visual Studio 15
VisualStudioVersion = 15.0.28010.2003
MinimumVisualStudioVersion = 10.0.40219.1
Project("{9A19103F-16F7-4668-BE54-9A1E7A4F7556}") = "Lazztech.Vision.Domain", "Lazztech.ObsidianPresences.Vision.Microservice.Domain\Lazztech.Vision.Domain.csproj", "{0E35707E-04F4-4360-AE0D-5C6024A75A5E}"
EndProject
Project("{9A19103F-16F7-4668-BE54-9A1E7A4F7556}") = "Lazztech.Vision.Cli", "Lazztech.ObsidianPresences.Vision.Microservice.Cli\Lazztech.Vision.Cli.csproj", "{A16D11D6-D97D-4B1D-95B6-31C5C39EB4F5}"
EndProject
Project("{E53339B2-1760-4266-BCC7-CA923CBCF16C}") = "docker-compose", "docker-compose.dcproj", "{78BC127E-1A83-4FB1-B029-569F972CD01F}"
EndProject
Project("{2150E333-8FDC-42A3-9474-1A3956D46DE8}") = "Solution Items", "Solution Items", "{DF68F019-AD7D-42BE-AF94-9F29EFC4BE8F}"
	ProjectSection(SolutionItems) = preProject
		GianDevNotes.md = GianDevNotes.md
		README.md = README.md
	EndProjectSection
EndProject
Project("{9A19103F-16F7-4668-BE54-9A1E7A4F7556}") = "Lazztech.Vision.Tests", "Lazztech.ObsidianPresences.Vision.Microservice.Tests\Lazztech.Vision.Tests.csproj", "{8BA375AD-E3EA-4528-8596-CFF53EFFBC97}"
EndProject
Project("{9A19103F-16F7-4668-BE54-9A1E7A4F7556}") = "Lazztech.Cloud.ClientFacade", "Lazztech.ObsidianPresences.ClientFacade\Lazztech.Cloud.ClientFacade.csproj", "{EE9BDD93-BBC6-44BD-AA70-55722D9548AB}"
EndProject
Project("{9A19103F-16F7-4668-BE54-9A1E7A4F7556}") = "Lazztech.Events.Domain", "Lazztech.Events\Lazztech.Events.Domain.csproj", "{E797B447-4C17-414D-B11C-A42D0A21E7F9}"
EndProject
Project("{9A19103F-16F7-4668-BE54-9A1E7A4F7556}") = "Lazztech.MongoDB", "Lazztech.MongoDB\Lazztech.MongoDB.csproj", "{171A65AF-B92F-4080-B44C-C9CB9769A2BE}"
EndProject
Project("{9A19103F-16F7-4668-BE54-9A1E7A4F7556}") = "Lazztech.DIContext", "Lazztech.DIContext\Lazztech.DIContext.csproj", "{89B0373E-DDE3-4331-8CBE-77ECC6357DB3}"
EndProject
Project("{9A19103F-16F7-4668-BE54-9A1E7A4F7556}") = "Lazztech.Sms", "Lazztech.Sms\Lazztech.Sms.csproj", "{0390E467-3158-460A-B85A-BF21E7EC0DA2}"
EndProject
Project("{9A19103F-16F7-4668-BE54-9A1E7A4F7556}") = "Lazztech.Events.StudentRND", "Lazztech.SrndResourcesManager\Lazztech.Events.StudentRND.csproj", "{74215587-FBDD-4061-A192-983CF0FE03A7}"
EndProject
Project("{9A19103F-16F7-4668-BE54-9A1E7A4F7556}") = "Lazztech.Events.Tests", "Lazztech.Events.Tests\Lazztech.Events.Tests.csproj", "{CF34E0F5-D271-472D-9441-DD1EF330A7C9}"
EndProject
Project("{9A19103F-16F7-4668-BE54-9A1E7A4F7556}") = "Lazztech.Events.Dto", "Lazztech.Events.Dto\Lazztech.Events.Dto.csproj", "{6AA017D3-CCBB-4197-AA45-32B4B26D56F9}"
EndProject
Global
	GlobalSection(SolutionConfigurationPlatforms) = preSolution
		Debug|Any CPU = Debug|Any CPU
		Release|Any CPU = Release|Any CPU
	EndGlobalSection
	GlobalSection(ProjectConfigurationPlatforms) = postSolution
		{0E35707E-04F4-4360-AE0D-5C6024A75A5E}.Debug|Any CPU.ActiveCfg = Debug|Any CPU
		{0E35707E-04F4-4360-AE0D-5C6024A75A5E}.Debug|Any CPU.Build.0 = Debug|Any CPU
		{0E35707E-04F4-4360-AE0D-5C6024A75A5E}.Release|Any CPU.ActiveCfg = Release|Any CPU
		{0E35707E-04F4-4360-AE0D-5C6024A75A5E}.Release|Any CPU.Build.0 = Release|Any CPU
		{A16D11D6-D97D-4B1D-95B6-31C5C39EB4F5}.Debug|Any CPU.ActiveCfg = Debug|Any CPU
		{A16D11D6-D97D-4B1D-95B6-31C5C39EB4F5}.Debug|Any CPU.Build.0 = Debug|Any CPU
		{A16D11D6-D97D-4B1D-95B6-31C5C39EB4F5}.Release|Any CPU.ActiveCfg = Release|Any CPU
		{A16D11D6-D97D-4B1D-95B6-31C5C39EB4F5}.Release|Any CPU.Build.0 = Release|Any CPU
		{78BC127E-1A83-4FB1-B029-569F972CD01F}.Debug|Any CPU.ActiveCfg = Debug|Any CPU
		{78BC127E-1A83-4FB1-B029-569F972CD01F}.Debug|Any CPU.Build.0 = Debug|Any CPU
		{78BC127E-1A83-4FB1-B029-569F972CD01F}.Release|Any CPU.ActiveCfg = Release|Any CPU
		{78BC127E-1A83-4FB1-B029-569F972CD01F}.Release|Any CPU.Build.0 = Release|Any CPU
		{8BA375AD-E3EA-4528-8596-CFF53EFFBC97}.Debug|Any CPU.ActiveCfg = Debug|Any CPU
		{8BA375AD-E3EA-4528-8596-CFF53EFFBC97}.Debug|Any CPU.Build.0 = Debug|Any CPU
		{8BA375AD-E3EA-4528-8596-CFF53EFFBC97}.Release|Any CPU.ActiveCfg = Release|Any CPU
		{8BA375AD-E3EA-4528-8596-CFF53EFFBC97}.Release|Any CPU.Build.0 = Release|Any CPU
		{EE9BDD93-BBC6-44BD-AA70-55722D9548AB}.Debug|Any CPU.ActiveCfg = Debug|Any CPU
		{EE9BDD93-BBC6-44BD-AA70-55722D9548AB}.Debug|Any CPU.Build.0 = Debug|Any CPU
		{EE9BDD93-BBC6-44BD-AA70-55722D9548AB}.Release|Any CPU.ActiveCfg = Release|Any CPU
		{EE9BDD93-BBC6-44BD-AA70-55722D9548AB}.Release|Any CPU.Build.0 = Release|Any CPU
		{E797B447-4C17-414D-B11C-A42D0A21E7F9}.Debug|Any CPU.ActiveCfg = Debug|Any CPU
		{E797B447-4C17-414D-B11C-A42D0A21E7F9}.Debug|Any CPU.Build.0 = Debug|Any CPU
		{E797B447-4C17-414D-B11C-A42D0A21E7F9}.Release|Any CPU.ActiveCfg = Release|Any CPU
		{E797B447-4C17-414D-B11C-A42D0A21E7F9}.Release|Any CPU.Build.0 = Release|Any CPU
		{171A65AF-B92F-4080-B44C-C9CB9769A2BE}.Debug|Any CPU.ActiveCfg = Debug|Any CPU
		{171A65AF-B92F-4080-B44C-C9CB9769A2BE}.Debug|Any CPU.Build.0 = Debug|Any CPU
		{171A65AF-B92F-4080-B44C-C9CB9769A2BE}.Release|Any CPU.ActiveCfg = Release|Any CPU
		{171A65AF-B92F-4080-B44C-C9CB9769A2BE}.Release|Any CPU.Build.0 = Release|Any CPU
		{89B0373E-DDE3-4331-8CBE-77ECC6357DB3}.Debug|Any CPU.ActiveCfg = Debug|Any CPU
		{89B0373E-DDE3-4331-8CBE-77ECC6357DB3}.Debug|Any CPU.Build.0 = Debug|Any CPU
		{89B0373E-DDE3-4331-8CBE-77ECC6357DB3}.Release|Any CPU.ActiveCfg = Release|Any CPU
		{89B0373E-DDE3-4331-8CBE-77ECC6357DB3}.Release|Any CPU.Build.0 = Release|Any CPU
		{0390E467-3158-460A-B85A-BF21E7EC0DA2}.Debug|Any CPU.ActiveCfg = Debug|Any CPU
		{0390E467-3158-460A-B85A-BF21E7EC0DA2}.Debug|Any CPU.Build.0 = Debug|Any CPU
		{0390E467-3158-460A-B85A-BF21E7EC0DA2}.Release|Any CPU.ActiveCfg = Release|Any CPU
		{0390E467-3158-460A-B85A-BF21E7EC0DA2}.Release|Any CPU.Build.0 = Release|Any CPU
		{74215587-FBDD-4061-A192-983CF0FE03A7}.Debug|Any CPU.ActiveCfg = Debug|Any CPU
		{74215587-FBDD-4061-A192-983CF0FE03A7}.Debug|Any CPU.Build.0 = Debug|Any CPU
		{74215587-FBDD-4061-A192-983CF0FE03A7}.Release|Any CPU.ActiveCfg = Release|Any CPU
		{74215587-FBDD-4061-A192-983CF0FE03A7}.Release|Any CPU.Build.0 = Release|Any CPU
		{CF34E0F5-D271-472D-9441-DD1EF330A7C9}.Debug|Any CPU.ActiveCfg = Debug|Any CPU
		{CF34E0F5-D271-472D-9441-DD1EF330A7C9}.Debug|Any CPU.Build.0 = Debug|Any CPU
		{CF34E0F5-D271-472D-9441-DD1EF330A7C9}.Release|Any CPU.ActiveCfg = Release|Any CPU
		{CF34E0F5-D271-472D-9441-DD1EF330A7C9}.Release|Any CPU.Build.0 = Release|Any CPU
		{6AA017D3-CCBB-4197-AA45-32B4B26D56F9}.Debug|Any CPU.ActiveCfg = Debug|Any CPU
		{6AA017D3-CCBB-4197-AA45-32B4B26D56F9}.Debug|Any CPU.Build.0 = Debug|Any CPU
		{6AA017D3-CCBB-4197-AA45-32B4B26D56F9}.Release|Any CPU.ActiveCfg = Release|Any CPU
		{6AA017D3-CCBB-4197-AA45-32B4B26D56F9}.Release|Any CPU.Build.0 = Release|Any CPU
	EndGlobalSection
	GlobalSection(SolutionProperties) = preSolution
		HideSolutionNode = FALSE
	EndGlobalSection
	GlobalSection(ExtensibilityGlobals) = postSolution
		SolutionGuid = {6ACFC0A9-B904-461E-86AB-E90F4BE683F2}
	EndGlobalSection
EndGlobal
