
Microsoft Visual Studio Solution File, Format Version 12.00
# Visual Studio 15
VisualStudioVersion = 15.0.28010.2003
MinimumVisualStudioVersion = 10.0.40219.1
Project("{9A19103F-16F7-4668-BE54-9A1E7A4F7556}") = "Lazztech.ObsidianPresences.Vision.Microservice.Domain", "Lazztech.ObsidianPresences.Vision.Microservice.Domain\Lazztech.ObsidianPresences.Vision.Microservice.Domain.csproj", "{0E35707E-04F4-4360-AE0D-5C6024A75A5E}"
EndProject
Project("{9A19103F-16F7-4668-BE54-9A1E7A4F7556}") = "Lazztech.ObsidianPresences.Vision.Microservice.GoogleCloudVision", "Lazztech.ObsidianPresences.Vision.Microservice.GoogleCloudVision\Lazztech.ObsidianPresences.Vision.Microservice.GoogleCloudVision.csproj", "{F2042059-3BFE-4E8A-BA53-1F9095A3A71C}"
EndProject
Project("{9A19103F-16F7-4668-BE54-9A1E7A4F7556}") = "Lazztech.ObsidianPresences.Vision.Microservice.Cli", "Lazztech.ObsidianPresences.Vision.Microservice.Cli\Lazztech.ObsidianPresences.Vision.Microservice.Cli.csproj", "{A16D11D6-D97D-4B1D-95B6-31C5C39EB4F5}"
EndProject
Project("{E53339B2-1760-4266-BCC7-CA923CBCF16C}") = "docker-compose", "docker-compose.dcproj", "{78BC127E-1A83-4FB1-B029-569F972CD01F}"
EndProject
Project("{2150E333-8FDC-42A3-9474-1A3956D46DE8}") = "Solution Items", "Solution Items", "{DF68F019-AD7D-42BE-AF94-9F29EFC4BE8F}"
	ProjectSection(SolutionItems) = preProject
		GianDevNotes.md = GianDevNotes.md
		README.md = README.md
	EndProjectSection
EndProject
Project("{9A19103F-16F7-4668-BE54-9A1E7A4F7556}") = "Lazztech.ObsidianPresences.Vision.Microservice.Tests", "Lazztech.ObsidianPresences.Vision.Microservice.Tests\Lazztech.ObsidianPresences.Vision.Microservice.Tests.csproj", "{8BA375AD-E3EA-4528-8596-CFF53EFFBC97}"
EndProject
Project("{9A19103F-16F7-4668-BE54-9A1E7A4F7556}") = "Lazztech.ObsidianPresences.CloudWebApp", "Lazztech.ObsidianPresences.CloudWebApp\Lazztech.ObsidianPresences.CloudWebApp.csproj", "{210EE7AF-8F0E-4FA9-8E50-AB00C4DDC367}"
EndProject
Project("{9A19103F-16F7-4668-BE54-9A1E7A4F7556}") = "Lazztech.ObsidianPresences.Vision.Microservice.Webapi", "Lazztech.ObsidianPresences.Vision.Microservice.Webapi\Lazztech.ObsidianPresences.Vision.Microservice.Webapi.csproj", "{6B2AA8B0-7211-40FC-AA42-7FD8BEFF2C94}"
EndProject
Project("{FAE04EC0-301F-11D3-BF4B-00C04F79EFBC}") = "Lazztech.ObsidianPresences.ClientFacade", "Lazztech.ObsidianPresences.ClientFacade\Lazztech.ObsidianPresences.ClientFacade.csproj", "{EE9BDD93-BBC6-44BD-AA70-55722D9548AB}"
EndProject
Global
	GlobalSection(SolutionConfigurationPlatforms) = preSolution
		Debug|Any CPU = Debug|Any CPU
		Release|Any CPU = Release|Any CPU
	EndGlobalSection
	GlobalSection(ProjectConfigurationPlatforms) = postSolution
		{0E35707E-04F4-4360-AE0D-5C6024A75A5E}.Debug|Any CPU.ActiveCfg = Debug|Any CPU
		{0E35707E-04F4-4360-AE0D-5C6024A75A5E}.Debug|Any CPU.Build.0 = Debug|Any CPU
		{0E35707E-04F4-4360-AE0D-5C6024A75A5E}.Release|Any CPU.ActiveCfg = Release|Any CPU
		{0E35707E-04F4-4360-AE0D-5C6024A75A5E}.Release|Any CPU.Build.0 = Release|Any CPU
		{F2042059-3BFE-4E8A-BA53-1F9095A3A71C}.Debug|Any CPU.ActiveCfg = Debug|Any CPU
		{F2042059-3BFE-4E8A-BA53-1F9095A3A71C}.Debug|Any CPU.Build.0 = Debug|Any CPU
		{F2042059-3BFE-4E8A-BA53-1F9095A3A71C}.Release|Any CPU.ActiveCfg = Release|Any CPU
		{F2042059-3BFE-4E8A-BA53-1F9095A3A71C}.Release|Any CPU.Build.0 = Release|Any CPU
		{A16D11D6-D97D-4B1D-95B6-31C5C39EB4F5}.Debug|Any CPU.ActiveCfg = Debug|Any CPU
		{A16D11D6-D97D-4B1D-95B6-31C5C39EB4F5}.Debug|Any CPU.Build.0 = Debug|Any CPU
		{A16D11D6-D97D-4B1D-95B6-31C5C39EB4F5}.Release|Any CPU.ActiveCfg = Release|Any CPU
		{A16D11D6-D97D-4B1D-95B6-31C5C39EB4F5}.Release|Any CPU.Build.0 = Release|Any CPU
		{78BC127E-1A83-4FB1-B029-569F972CD01F}.Debug|Any CPU.ActiveCfg = Debug|Any CPU
		{78BC127E-1A83-4FB1-B029-569F972CD01F}.Debug|Any CPU.Build.0 = Debug|Any CPU
		{78BC127E-1A83-4FB1-B029-569F972CD01F}.Release|Any CPU.ActiveCfg = Release|Any CPU
		{78BC127E-1A83-4FB1-B029-569F972CD01F}.Release|Any CPU.Build.0 = Release|Any CPU
		{8BA375AD-E3EA-4528-8596-CFF53EFFBC97}.Debug|Any CPU.ActiveCfg = Debug|Any CPU
		{8BA375AD-E3EA-4528-8596-CFF53EFFBC97}.Debug|Any CPU.Build.0 = Debug|Any CPU
		{8BA375AD-E3EA-4528-8596-CFF53EFFBC97}.Release|Any CPU.ActiveCfg = Release|Any CPU
		{8BA375AD-E3EA-4528-8596-CFF53EFFBC97}.Release|Any CPU.Build.0 = Release|Any CPU
		{210EE7AF-8F0E-4FA9-8E50-AB00C4DDC367}.Debug|Any CPU.ActiveCfg = Debug|Any CPU
		{210EE7AF-8F0E-4FA9-8E50-AB00C4DDC367}.Debug|Any CPU.Build.0 = Debug|Any CPU
		{210EE7AF-8F0E-4FA9-8E50-AB00C4DDC367}.Release|Any CPU.ActiveCfg = Release|Any CPU
		{210EE7AF-8F0E-4FA9-8E50-AB00C4DDC367}.Release|Any CPU.Build.0 = Release|Any CPU
		{6B2AA8B0-7211-40FC-AA42-7FD8BEFF2C94}.Debug|Any CPU.ActiveCfg = Debug|Any CPU
		{6B2AA8B0-7211-40FC-AA42-7FD8BEFF2C94}.Debug|Any CPU.Build.0 = Debug|Any CPU
		{6B2AA8B0-7211-40FC-AA42-7FD8BEFF2C94}.Release|Any CPU.ActiveCfg = Release|Any CPU
		{6B2AA8B0-7211-40FC-AA42-7FD8BEFF2C94}.Release|Any CPU.Build.0 = Release|Any CPU
		{EE9BDD93-BBC6-44BD-AA70-55722D9548AB}.Debug|Any CPU.ActiveCfg = Debug|Any CPU
		{EE9BDD93-BBC6-44BD-AA70-55722D9548AB}.Debug|Any CPU.Build.0 = Debug|Any CPU
		{EE9BDD93-BBC6-44BD-AA70-55722D9548AB}.Release|Any CPU.ActiveCfg = Release|Any CPU
		{EE9BDD93-BBC6-44BD-AA70-55722D9548AB}.Release|Any CPU.Build.0 = Release|Any CPU
	EndGlobalSection
	GlobalSection(SolutionProperties) = preSolution
		HideSolutionNode = FALSE
	EndGlobalSection
	GlobalSection(ExtensibilityGlobals) = postSolution
		SolutionGuid = {6ACFC0A9-B904-461E-86AB-E90F4BE683F2}
	EndGlobalSection
EndGlobal
